
Microsoft Visual Studio Solution File, Format Version 12.00
# Visual Studio 15
VisualStudioVersion = 15.0.27130.2010
MinimumVisualStudioVersion = 10.0.40219.1
Project("{FAE04EC0-301F-11D3-BF4B-00C04F79EFBC}") = "WebApplication3", "WebApplication3\WebApplication3.csproj", "{E1CC8EAA-4F9A-4EC8-A459-6DED20F78D20}"
EndProject
Global
	GlobalSection(SolutionConfigurationPlatforms) = preSolution
		Debug|Any CPU = Debug|Any CPU
		Release|Any CPU = Release|Any CPU
	EndGlobalSection
	GlobalSection(ProjectConfigurationPlatforms) = postSolution
		{E1CC8EAA-4F9A-4EC8-A459-6DED20F78D20}.Debug|Any CPU.ActiveCfg = Debug|Any CPU
		{E1CC8EAA-4F9A-4EC8-A459-6DED20F78D20}.Debug|Any CPU.Build.0 = Debug|Any CPU
		{E1CC8EAA-4F9A-4EC8-A459-6DED20F78D20}.Release|Any CPU.ActiveCfg = Release|Any CPU
		{E1CC8EAA-4F9A-4EC8-A459-6DED20F78D20}.Release|Any CPU.Build.0 = Release|Any CPU
	EndGlobalSection
	GlobalSection(SolutionProperties) = preSolution
		HideSolutionNode = FALSE
	EndGlobalSection
	GlobalSection(ExtensibilityGlobals) = postSolution
		SolutionGuid = {5DF51E3B-57DD-4BB2-9273-E10B31D6A638}
	EndGlobalSection
EndGlobal
